
Microsoft Visual Studio Solution File, Format Version 12.00
# Visual Studio 15
VisualStudioVersion = 15.0.27130.2026
MinimumVisualStudioVersion = 10.0.40219.1
Project("{8BC9CEB8-8B4A-11D0-8D11-00A0C91BC942}") = "Laba 1", "Laba 1\Laba 1.vcxproj", "{42C8B6E7-BBCE-411D-BD41-0899E6929E09}"
EndProject
Global
	GlobalSection(SolutionConfigurationPlatforms) = preSolution
		Debug|x64 = Debug|x64
		Debug|x86 = Debug|x86
		Release|x64 = Release|x64
		Release|x86 = Release|x86
	EndGlobalSection
	GlobalSection(ProjectConfigurationPlatforms) = postSolution
		{42C8B6E7-BBCE-411D-BD41-0899E6929E09}.Debug|x64.ActiveCfg = Debug|x64
		{42C8B6E7-BBCE-411D-BD41-0899E6929E09}.Debug|x64.Build.0 = Debug|x64
		{42C8B6E7-BBCE-411D-BD41-0899E6929E09}.Debug|x86.ActiveCfg = Debug|Win32
		{42C8B6E7-BBCE-411D-BD41-0899E6929E09}.Debug|x86.Build.0 = Debug|Win32
		{42C8B6E7-BBCE-411D-BD41-0899E6929E09}.Release|x64.ActiveCfg = Release|x64
		{42C8B6E7-BBCE-411D-BD41-0899E6929E09}.Release|x64.Build.0 = Release|x64
		{42C8B6E7-BBCE-411D-BD41-0899E6929E09}.Release|x86.ActiveCfg = Release|Win32
		{42C8B6E7-BBCE-411D-BD41-0899E6929E09}.Release|x86.Build.0 = Release|Win32
	EndGlobalSection
	GlobalSection(SolutionProperties) = preSolution
		HideSolutionNode = FALSE
	EndGlobalSection
	GlobalSection(ExtensibilityGlobals) = postSolution
		SolutionGuid = {9C2E5C1A-3F98-4035-945C-2851DCEB7C11}
	EndGlobalSection
EndGlobal
